
Microsoft Visual Studio Solution File, Format Version 12.00
# Visual Studio Version 17
VisualStudioVersion = 17.0.31903.59
MinimumVisualStudioVersion = 10.0.40219.1
Project("{2150E333-8FDC-42A3-9474-1A3956D46DE8}") = "samples", "samples", "{5D20AA90-6969-D8BD-9DCD-8634F4692FDA}"
EndProject
Project("{2150E333-8FDC-42A3-9474-1A3956D46DE8}") = "src", "src", "{827E0CD3-B72D-47B6-A68D-7590B98EB39B}"
EndProject
Project("{FAE04EC0-301F-11D3-BF4B-00C04F79EFBC}") = "CpuT", "src\CpuT\CpuT.csproj", "{5773C91F-8691-4D1E-A0C1-061270A31B1D}"
EndProject
Project("{FAE04EC0-301F-11D3-BF4B-00C04F79EFBC}") = "CpuT.Core", "src\CpuT.Core\CpuT.Core.csproj", "{5F723A14-0C16-4BA6-A27C-7079C6E794EF}"
EndProject
Project("{FAE04EC0-301F-11D3-BF4B-00C04F79EFBC}") = "CpuT.Windows", "src\CpuT.Windows\CpuT.Windows.csproj", "{55F0F655-C7E6-494C-B170-5B5D1E3E0D28}"
EndProject
Project("{2150E333-8FDC-42A3-9474-1A3956D46DE8}") = "tests", "tests", "{0AB3BF05-4346-4AA6-1389-037BE0695223}"
EndProject
Project("{FAE04EC0-301F-11D3-BF4B-00C04F79EFBC}") = "CpuT.Integration.Tests", "tests\CpuT.Integration.Tests\CpuT.Integration.Tests.csproj", "{67B5C9CC-11B5-4A46-8921-BEBAF81379A0}"
EndProject
Project("{FAE04EC0-301F-11D3-BF4B-00C04F79EFBC}") = "CpuT.Linux", "src\CpuT.Linux\CpuT.Linux.csproj", "{E0574755-1A3E-4D19-AF91-F1ECF5B2C7D9}"
EndProject
Project("{FAE04EC0-301F-11D3-BF4B-00C04F79EFBC}") = "CpuT.Sample.Console", "samples\CpuT.Sample.Console\CpuT.Sample.Console.csproj", "{8777AEC4-7929-4716-9622-40833C905907}"
EndProject
Project("{FAE04EC0-301F-11D3-BF4B-00C04F79EFBC}") = "CpuT.Core.Tests", "tests\CpuT.Core.Tests\CpuT.Core.Tests.csproj", "{CEDDD198-85CD-4E16-A27B-EF4CC05974EA}"
EndProject
Project("{FAE04EC0-301F-11D3-BF4B-00C04F79EFBC}") = "CpuT.Linux.Tests", "tests\CpuT.Linux.Tests\CpuT.Linux.Tests.csproj", "{C8FDF5C7-1A9E-401B-999A-816072B45CC8}"
EndProject
Project("{FAE04EC0-301F-11D3-BF4B-00C04F79EFBC}") = "CpuT.Windows.Tests", "tests\CpuT.Windows.Tests\CpuT.Windows.Tests.csproj", "{0702E759-E7CB-46E7-80DD-C65A7A0D3378}"
EndProject
Global
	GlobalSection(SolutionConfigurationPlatforms) = preSolution
		Debug|Any CPU = Debug|Any CPU
		Debug|x64 = Debug|x64
		Debug|x86 = Debug|x86
		Release|Any CPU = Release|Any CPU
		Release|x64 = Release|x64
		Release|x86 = Release|x86
	EndGlobalSection
	GlobalSection(ProjectConfigurationPlatforms) = postSolution
		{5773C91F-8691-4D1E-A0C1-061270A31B1D}.Debug|Any CPU.ActiveCfg = Debug|Any CPU
		{5773C91F-8691-4D1E-A0C1-061270A31B1D}.Debug|Any CPU.Build.0 = Debug|Any CPU
		{5773C91F-8691-4D1E-A0C1-061270A31B1D}.Debug|x64.ActiveCfg = Debug|Any CPU
		{5773C91F-8691-4D1E-A0C1-061270A31B1D}.Debug|x64.Build.0 = Debug|Any CPU
		{5773C91F-8691-4D1E-A0C1-061270A31B1D}.Debug|x86.ActiveCfg = Debug|Any CPU
		{5773C91F-8691-4D1E-A0C1-061270A31B1D}.Debug|x86.Build.0 = Debug|Any CPU
		{5773C91F-8691-4D1E-A0C1-061270A31B1D}.Release|Any CPU.ActiveCfg = Release|Any CPU
		{5773C91F-8691-4D1E-A0C1-061270A31B1D}.Release|Any CPU.Build.0 = Release|Any CPU
		{5773C91F-8691-4D1E-A0C1-061270A31B1D}.Release|x64.ActiveCfg = Release|Any CPU
		{5773C91F-8691-4D1E-A0C1-061270A31B1D}.Release|x64.Build.0 = Release|Any CPU
		{5773C91F-8691-4D1E-A0C1-061270A31B1D}.Release|x86.ActiveCfg = Release|Any CPU
		{5773C91F-8691-4D1E-A0C1-061270A31B1D}.Release|x86.Build.0 = Release|Any CPU
		{5F723A14-0C16-4BA6-A27C-7079C6E794EF}.Debug|Any CPU.ActiveCfg = Debug|Any CPU
		{5F723A14-0C16-4BA6-A27C-7079C6E794EF}.Debug|Any CPU.Build.0 = Debug|Any CPU
		{5F723A14-0C16-4BA6-A27C-7079C6E794EF}.Debug|x64.ActiveCfg = Debug|Any CPU
		{5F723A14-0C16-4BA6-A27C-7079C6E794EF}.Debug|x64.Build.0 = Debug|Any CPU
		{5F723A14-0C16-4BA6-A27C-7079C6E794EF}.Debug|x86.ActiveCfg = Debug|Any CPU
		{5F723A14-0C16-4BA6-A27C-7079C6E794EF}.Debug|x86.Build.0 = Debug|Any CPU
		{5F723A14-0C16-4BA6-A27C-7079C6E794EF}.Release|Any CPU.ActiveCfg = Release|Any CPU
		{5F723A14-0C16-4BA6-A27C-7079C6E794EF}.Release|Any CPU.Build.0 = Release|Any CPU
		{5F723A14-0C16-4BA6-A27C-7079C6E794EF}.Release|x64.ActiveCfg = Release|Any CPU
		{5F723A14-0C16-4BA6-A27C-7079C6E794EF}.Release|x64.Build.0 = Release|Any CPU
		{5F723A14-0C16-4BA6-A27C-7079C6E794EF}.Release|x86.ActiveCfg = Release|Any CPU
		{5F723A14-0C16-4BA6-A27C-7079C6E794EF}.Release|x86.Build.0 = Release|Any CPU
		{55F0F655-C7E6-494C-B170-5B5D1E3E0D28}.Debug|Any CPU.ActiveCfg = Debug|Any CPU
		{55F0F655-C7E6-494C-B170-5B5D1E3E0D28}.Debug|Any CPU.Build.0 = Debug|Any CPU
		{55F0F655-C7E6-494C-B170-5B5D1E3E0D28}.Debug|x64.ActiveCfg = Debug|Any CPU
		{55F0F655-C7E6-494C-B170-5B5D1E3E0D28}.Debug|x64.Build.0 = Debug|Any CPU
		{55F0F655-C7E6-494C-B170-5B5D1E3E0D28}.Debug|x86.ActiveCfg = Debug|Any CPU
		{55F0F655-C7E6-494C-B170-5B5D1E3E0D28}.Debug|x86.Build.0 = Debug|Any CPU
		{55F0F655-C7E6-494C-B170-5B5D1E3E0D28}.Release|Any CPU.ActiveCfg = Release|Any CPU
		{55F0F655-C7E6-494C-B170-5B5D1E3E0D28}.Release|Any CPU.Build.0 = Release|Any CPU
		{55F0F655-C7E6-494C-B170-5B5D1E3E0D28}.Release|x64.ActiveCfg = Release|Any CPU
		{55F0F655-C7E6-494C-B170-5B5D1E3E0D28}.Release|x64.Build.0 = Release|Any CPU
		{55F0F655-C7E6-494C-B170-5B5D1E3E0D28}.Release|x86.ActiveCfg = Release|Any CPU
		{55F0F655-C7E6-494C-B170-5B5D1E3E0D28}.Release|x86.Build.0 = Release|Any CPU
		{67B5C9CC-11B5-4A46-8921-BEBAF81379A0}.Debug|Any CPU.ActiveCfg = Debug|Any CPU
		{67B5C9CC-11B5-4A46-8921-BEBAF81379A0}.Debug|Any CPU.Build.0 = Debug|Any CPU
		{67B5C9CC-11B5-4A46-8921-BEBAF81379A0}.Debug|x64.ActiveCfg = Debug|Any CPU
		{67B5C9CC-11B5-4A46-8921-BEBAF81379A0}.Debug|x64.Build.0 = Debug|Any CPU
		{67B5C9CC-11B5-4A46-8921-BEBAF81379A0}.Debug|x86.ActiveCfg = Debug|Any CPU
		{67B5C9CC-11B5-4A46-8921-BEBAF81379A0}.Debug|x86.Build.0 = Debug|Any CPU
		{67B5C9CC-11B5-4A46-8921-BEBAF81379A0}.Release|Any CPU.ActiveCfg = Release|Any CPU
		{67B5C9CC-11B5-4A46-8921-BEBAF81379A0}.Release|Any CPU.Build.0 = Release|Any CPU
		{67B5C9CC-11B5-4A46-8921-BEBAF81379A0}.Release|x64.ActiveCfg = Release|Any CPU
		{67B5C9CC-11B5-4A46-8921-BEBAF81379A0}.Release|x64.Build.0 = Release|Any CPU
		{67B5C9CC-11B5-4A46-8921-BEBAF81379A0}.Release|x86.ActiveCfg = Release|Any CPU
		{67B5C9CC-11B5-4A46-8921-BEBAF81379A0}.Release|x86.Build.0 = Release|Any CPU
		{E0574755-1A3E-4D19-AF91-F1ECF5B2C7D9}.Debug|Any CPU.ActiveCfg = Debug|Any CPU
		{E0574755-1A3E-4D19-AF91-F1ECF5B2C7D9}.Debug|Any CPU.Build.0 = Debug|Any CPU
		{E0574755-1A3E-4D19-AF91-F1ECF5B2C7D9}.Debug|x64.ActiveCfg = Debug|Any CPU
		{E0574755-1A3E-4D19-AF91-F1ECF5B2C7D9}.Debug|x64.Build.0 = Debug|Any CPU
		{E0574755-1A3E-4D19-AF91-F1ECF5B2C7D9}.Debug|x86.ActiveCfg = Debug|Any CPU
		{E0574755-1A3E-4D19-AF91-F1ECF5B2C7D9}.Debug|x86.Build.0 = Debug|Any CPU
		{E0574755-1A3E-4D19-AF91-F1ECF5B2C7D9}.Release|Any CPU.ActiveCfg = Release|Any CPU
		{E0574755-1A3E-4D19-AF91-F1ECF5B2C7D9}.Release|Any CPU.Build.0 = Release|Any CPU
		{E0574755-1A3E-4D19-AF91-F1ECF5B2C7D9}.Release|x64.ActiveCfg = Release|Any CPU
		{E0574755-1A3E-4D19-AF91-F1ECF5B2C7D9}.Release|x64.Build.0 = Release|Any CPU
		{E0574755-1A3E-4D19-AF91-F1ECF5B2C7D9}.Release|x86.ActiveCfg = Release|Any CPU
		{E0574755-1A3E-4D19-AF91-F1ECF5B2C7D9}.Release|x86.Build.0 = Release|Any CPU
		{8777AEC4-7929-4716-9622-40833C905907}.Debug|Any CPU.ActiveCfg = Debug|Any CPU
		{8777AEC4-7929-4716-9622-40833C905907}.Debug|Any CPU.Build.0 = Debug|Any CPU
		{8777AEC4-7929-4716-9622-40833C905907}.Debug|x64.ActiveCfg = Debug|Any CPU
		{8777AEC4-7929-4716-9622-40833C905907}.Debug|x64.Build.0 = Debug|Any CPU
		{8777AEC4-7929-4716-9622-40833C905907}.Debug|x86.ActiveCfg = Debug|Any CPU
		{8777AEC4-7929-4716-9622-40833C905907}.Debug|x86.Build.0 = Debug|Any CPU
		{8777AEC4-7929-4716-9622-40833C905907}.Release|Any CPU.ActiveCfg = Release|Any CPU
		{8777AEC4-7929-4716-9622-40833C905907}.Release|Any CPU.Build.0 = Release|Any CPU
		{8777AEC4-7929-4716-9622-40833C905907}.Release|x64.ActiveCfg = Release|Any CPU
		{8777AEC4-7929-4716-9622-40833C905907}.Release|x64.Build.0 = Release|Any CPU
		{8777AEC4-7929-4716-9622-40833C905907}.Release|x86.ActiveCfg = Release|Any CPU
		{8777AEC4-7929-4716-9622-40833C905907}.Release|x86.Build.0 = Release|Any CPU
		{CEDDD198-85CD-4E16-A27B-EF4CC05974EA}.Debug|Any CPU.ActiveCfg = Debug|Any CPU
		{CEDDD198-85CD-4E16-A27B-EF4CC05974EA}.Debug|Any CPU.Build.0 = Debug|Any CPU
		{CEDDD198-85CD-4E16-A27B-EF4CC05974EA}.Debug|x64.ActiveCfg = Debug|Any CPU
		{CEDDD198-85CD-4E16-A27B-EF4CC05974EA}.Debug|x64.Build.0 = Debug|Any CPU
		{CEDDD198-85CD-4E16-A27B-EF4CC05974EA}.Debug|x86.ActiveCfg = Debug|Any CPU
		{CEDDD198-85CD-4E16-A27B-EF4CC05974EA}.Debug|x86.Build.0 = Debug|Any CPU
		{CEDDD198-85CD-4E16-A27B-EF4CC05974EA}.Release|Any CPU.ActiveCfg = Release|Any CPU
		{CEDDD198-85CD-4E16-A27B-EF4CC05974EA}.Release|Any CPU.Build.0 = Release|Any CPU
		{CEDDD198-85CD-4E16-A27B-EF4CC05974EA}.Release|x64.ActiveCfg = Release|Any CPU
		{CEDDD198-85CD-4E16-A27B-EF4CC05974EA}.Release|x64.Build.0 = Release|Any CPU
		{CEDDD198-85CD-4E16-A27B-EF4CC05974EA}.Release|x86.ActiveCfg = Release|Any CPU
		{CEDDD198-85CD-4E16-A27B-EF4CC05974EA}.Release|x86.Build.0 = Release|Any CPU
		{C8FDF5C7-1A9E-401B-999A-816072B45CC8}.Debug|Any CPU.ActiveCfg = Debug|Any CPU
		{C8FDF5C7-1A9E-401B-999A-816072B45CC8}.Debug|Any CPU.Build.0 = Debug|Any CPU
		{C8FDF5C7-1A9E-401B-999A-816072B45CC8}.Debug|x64.ActiveCfg = Debug|Any CPU
		{C8FDF5C7-1A9E-401B-999A-816072B45CC8}.Debug|x64.Build.0 = Debug|Any CPU
		{C8FDF5C7-1A9E-401B-999A-816072B45CC8}.Debug|x86.ActiveCfg = Debug|Any CPU
		{C8FDF5C7-1A9E-401B-999A-816072B45CC8}.Debug|x86.Build.0 = Debug|Any CPU
		{C8FDF5C7-1A9E-401B-999A-816072B45CC8}.Release|Any CPU.ActiveCfg = Release|Any CPU
		{C8FDF5C7-1A9E-401B-999A-816072B45CC8}.Release|Any CPU.Build.0 = Release|Any CPU
		{C8FDF5C7-1A9E-401B-999A-816072B45CC8}.Release|x64.ActiveCfg = Release|Any CPU
		{C8FDF5C7-1A9E-401B-999A-816072B45CC8}.Release|x64.Build.0 = Release|Any CPU
		{C8FDF5C7-1A9E-401B-999A-816072B45CC8}.Release|x86.ActiveCfg = Release|Any CPU
		{C8FDF5C7-1A9E-401B-999A-816072B45CC8}.Release|x86.Build.0 = Release|Any CPU
		{0702E759-E7CB-46E7-80DD-C65A7A0D3378}.Debug|Any CPU.ActiveCfg = Debug|Any CPU
		{0702E759-E7CB-46E7-80DD-C65A7A0D3378}.Debug|Any CPU.Build.0 = Debug|Any CPU
		{0702E759-E7CB-46E7-80DD-C65A7A0D3378}.Debug|x64.ActiveCfg = Debug|Any CPU
		{0702E759-E7CB-46E7-80DD-C65A7A0D3378}.Debug|x64.Build.0 = Debug|Any CPU
		{0702E759-E7CB-46E7-80DD-C65A7A0D3378}.Debug|x86.ActiveCfg = Debug|Any CPU
		{0702E759-E7CB-46E7-80DD-C65A7A0D3378}.Debug|x86.Build.0 = Debug|Any CPU
		{0702E759-E7CB-46E7-80DD-C65A7A0D3378}.Release|Any CPU.ActiveCfg = Release|Any CPU
		{0702E759-E7CB-46E7-80DD-C65A7A0D3378}.Release|Any CPU.Build.0 = Release|Any CPU
		{0702E759-E7CB-46E7-80DD-C65A7A0D3378}.Release|x64.ActiveCfg = Release|Any CPU
		{0702E759-E7CB-46E7-80DD-C65A7A0D3378}.Release|x64.Build.0 = Release|Any CPU
		{0702E759-E7CB-46E7-80DD-C65A7A0D3378}.Release|x86.ActiveCfg = Release|Any CPU
		{0702E759-E7CB-46E7-80DD-C65A7A0D3378}.Release|x86.Build.0 = Release|Any CPU
	EndGlobalSection
	GlobalSection(SolutionProperties) = preSolution
		HideSolutionNode = FALSE
	EndGlobalSection
	GlobalSection(NestedProjects) = preSolution
		{5773C91F-8691-4D1E-A0C1-061270A31B1D} = {827E0CD3-B72D-47B6-A68D-7590B98EB39B}
		{5F723A14-0C16-4BA6-A27C-7079C6E794EF} = {827E0CD3-B72D-47B6-A68D-7590B98EB39B}
		{55F0F655-C7E6-494C-B170-5B5D1E3E0D28} = {827E0CD3-B72D-47B6-A68D-7590B98EB39B}
		{67B5C9CC-11B5-4A46-8921-BEBAF81379A0} = {0AB3BF05-4346-4AA6-1389-037BE0695223}
		{E0574755-1A3E-4D19-AF91-F1ECF5B2C7D9} = {827E0CD3-B72D-47B6-A68D-7590B98EB39B}
		{8777AEC4-7929-4716-9622-40833C905907} = {5D20AA90-6969-D8BD-9DCD-8634F4692FDA}
		{CEDDD198-85CD-4E16-A27B-EF4CC05974EA} = {0AB3BF05-4346-4AA6-1389-037BE0695223}
		{C8FDF5C7-1A9E-401B-999A-816072B45CC8} = {0AB3BF05-4346-4AA6-1389-037BE0695223}
		{0702E759-E7CB-46E7-80DD-C65A7A0D3378} = {0AB3BF05-4346-4AA6-1389-037BE0695223}
	EndGlobalSection
EndGlobal
